fyne.io/fyne/v2 v2.4.0/go.mod h1:AWM1iPM2YfliduZ4u/kQzP9E6ARIWm0gg+57GpYzWro=
fyne.io/fyne/v2 v2.7.3 h1:xBT/iYbdnNHONWO38fZMBrVBiJG8rV/Jypmy4tVfRWE=
fyne.io/fyne/v2 v2.7.3/go.mod h1:gu+dlIcZWSzKZmnrY8Fbnj2Hirabv2ek+AKsfQ2bBlw=
github.com/google/uuid v1.3.0/go.mod h1:TIyPZe4MgqvfeYDBFedMoGGpEw/LqOeaOT+nhxU+yHo=
github.com/google/uuid v1.6.0 h1:NIvaJDMOsjHA8n1jAhLSgzrAzy1Hgr+hNrb57e+94F0=
github.com/google/uuid v1.6.0/go.mod h1:TIyPZe4MgqvfeYDBFedMoGGpEw/LqOeaOT+nhxU+yHo=
